# This file is generated by running "yarn install" inside your project.
# Manual changes might be lost - proceed with caution!

__metadata:
  version: 6
  cacheKey: 8

"@picocss/pico@npm:^1.5.7":
  version: 1.5.7
  resolution: "@picocss/pico@npm:1.5.7"
  checksum: 8146b311c919123f2d4a4a752259c9d437c9c05f4c5e0fcbe5b64ccd62f767410903ea92ce8af5642255cf2e86dfee8131cbc8581cba56919abc76c8a25fe822
  languageName: node
  linkType: hard

"felix.bause.dev@workspace:.":
  version: 0.0.0-use.local
  resolution: "felix.bause.dev@workspace:."
  dependencies:
    "@picocss/pico": ^1.5.7
    fontawesome-free: ^1.0.4
  languageName: unknown
  linkType: soft

"fontawesome-free@npm:^1.0.4":
  version: 1.0.4
  resolution: "fontawesome-free@npm:1.0.4"
  checksum: ca970ef55db191c6909d3e5d8e55b2f2cb0e219de1bef4c967225af89b49f516d23c7f8483d1c17fa0f617efe3feb46d64f282f5b60892c5955636d8dfd36efe
  languageName: node
  linkType: hard
